
Microsoft Visual Studio Solution File, Format Version 12.00
# Visual Studio Version 16
VisualStudioVersion = 16.0.29613.14
MinimumVisualStudioVersion = 10.0.40219.1
Project("{FAE04EC0-301F-11D3-BF4B-00C04F79EFBC}") = "FirstAppAgain", "FirstAppAgain.csproj", "{FE046397-8D64-4BD4-A72C-55FBA94DC832}"
EndProject
Global
	GlobalSection(SolutionConfigurationPlatforms) = preSolution
		Debug|Any CPU = Debug|Any CPU
		Release|Any CPU = Release|Any CPU
	EndGlobalSection
	GlobalSection(ProjectConfigurationPlatforms) = postSolution
		{FE046397-8D64-4BD4-A72C-55FBA94DC832}.Debug|Any CPU.ActiveCfg = Debug|Any CPU
		{FE046397-8D64-4BD4-A72C-55FBA94DC832}.Debug|Any CPU.Build.0 = Debug|Any CPU
		{FE046397-8D64-4BD4-A72C-55FBA94DC832}.Release|Any CPU.ActiveCfg = Release|Any CPU
		{FE046397-8D64-4BD4-A72C-55FBA94DC832}.Release|Any CPU.Build.0 = Release|Any CPU
	EndGlobalSection
	GlobalSection(SolutionProperties) = preSolution
		HideSolutionNode = FALSE
	EndGlobalSection
	GlobalSection(ExtensibilityGlobals) = postSolution
		SolutionGuid = {02FB14A0-A393-4473-8677-E36A72EEE459}
	EndGlobalSection
EndGlobal
